
Microsoft Visual Studio Solution File, Format Version 11.00
# Visual Studio 2010
Project("{FAE04EC0-301F-11D3-BF4B-00C04F79EFBC}") = "POS", "POS\POS.csproj", "{5F14B43B-6944-411D-B31C-630FF2CC80D3}"
EndProject
Project("{FAE04EC0-301F-11D3-BF4B-00C04F79EFBC}") = "DAL", "DAL\DAL.csproj", "{5A471284-2D32-441C-9CFA-00A4D4F55F93}"
EndProject
Project("{FAE04EC0-301F-11D3-BF4B-00C04F79EFBC}") = "POS.Test", "POS.Test\POS.Test.csproj", "{A2057C2F-E0E2-4545-9232-D3F30E047827}"
EndProject
Project("{FAE04EC0-301F-11D3-BF4B-00C04F79EFBC}") = "BusinessLogic", "BusinessLogic\BusinessLogic.csproj", "{B7E03CD8-3706-4677-B692-BF2A639CABD7}"
EndProject
Global
	GlobalSection(SolutionConfigurationPlatforms) = preSolution
		Debug|Any CPU = Debug|Any CPU
		Debug|Mixed Platforms = Debug|Mixed Platforms
		Debug|x86 = Debug|x86
		Release|Any CPU = Release|Any CPU
		Release|Mixed Platforms = Release|Mixed Platforms
		Release|x86 = Release|x86
	EndGlobalSection
	GlobalSection(ProjectConfigurationPlatforms) = postSolution
		{5F14B43B-6944-411D-B31C-630FF2CC80D3}.Debug|Any CPU.ActiveCfg = Debug|x86
		{5F14B43B-6944-411D-B31C-630FF2CC80D3}.Debug|Mixed Platforms.ActiveCfg = Debug|x86
		{5F14B43B-6944-411D-B31C-630FF2CC80D3}.Debug|Mixed Platforms.Build.0 = Debug|x86
		{5F14B43B-6944-411D-B31C-630FF2CC80D3}.Debug|x86.ActiveCfg = Debug|x86
		{5F14B43B-6944-411D-B31C-630FF2CC80D3}.Debug|x86.Build.0 = Debug|x86
		{5F14B43B-6944-411D-B31C-630FF2CC80D3}.Release|Any CPU.ActiveCfg = Release|x86
		{5F14B43B-6944-411D-B31C-630FF2CC80D3}.Release|Mixed Platforms.ActiveCfg = Release|x86
		{5F14B43B-6944-411D-B31C-630FF2CC80D3}.Release|Mixed Platforms.Build.0 = Release|x86
		{5F14B43B-6944-411D-B31C-630FF2CC80D3}.Release|x86.ActiveCfg = Release|x86
		{5F14B43B-6944-411D-B31C-630FF2CC80D3}.Release|x86.Build.0 = Release|x86
		{5A471284-2D32-441C-9CFA-00A4D4F55F93}.Debug|Any CPU.ActiveCfg = Debug|Any CPU
		{5A471284-2D32-441C-9CFA-00A4D4F55F93}.Debug|Any CPU.Build.0 = Debug|Any CPU
		{5A471284-2D32-441C-9CFA-00A4D4F55F93}.Debug|Mixed Platforms.ActiveCfg = Debug|Any CPU
		{5A471284-2D32-441C-9CFA-00A4D4F55F93}.Debug|Mixed Platforms.Build.0 = Debug|Any CPU
		{5A471284-2D32-441C-9CFA-00A4D4F55F93}.Debug|x86.ActiveCfg = Debug|Any CPU
		{5A471284-2D32-441C-9CFA-00A4D4F55F93}.Release|Any CPU.ActiveCfg = Release|Any CPU
		{5A471284-2D32-441C-9CFA-00A4D4F55F93}.Release|Any CPU.Build.0 = Release|Any CPU
		{5A471284-2D32-441C-9CFA-00A4D4F55F93}.Release|Mixed Platforms.ActiveCfg = Release|Any CPU
		{5A471284-2D32-441C-9CFA-00A4D4F55F93}.Release|Mixed Platforms.Build.0 = Release|Any CPU
		{5A471284-2D32-441C-9CFA-00A4D4F55F93}.Release|x86.ActiveCfg = Release|Any CPU
		{A2057C2F-E0E2-4545-9232-D3F30E047827}.Debug|Any CPU.ActiveCfg = Debug|x86
		{A2057C2F-E0E2-4545-9232-D3F30E047827}.Debug|Mixed Platforms.ActiveCfg = Debug|x86
		{A2057C2F-E0E2-4545-9232-D3F30E047827}.Debug|Mixed Platforms.Build.0 = Debug|x86
		{A2057C2F-E0E2-4545-9232-D3F30E047827}.Debug|x86.ActiveCfg = Debug|x86
		{A2057C2F-E0E2-4545-9232-D3F30E047827}.Debug|x86.Build.0 = Debug|x86
		{A2057C2F-E0E2-4545-9232-D3F30E047827}.Release|Any CPU.ActiveCfg = Release|x86
		{A2057C2F-E0E2-4545-9232-D3F30E047827}.Release|Mixed Platforms.ActiveCfg = Release|x86
		{A2057C2F-E0E2-4545-9232-D3F30E047827}.Release|Mixed Platforms.Build.0 = Release|x86
		{A2057C2F-E0E2-4545-9232-D3F30E047827}.Release|x86.ActiveCfg = Release|x86
		{A2057C2F-E0E2-4545-9232-D3F30E047827}.Release|x86.Build.0 = Release|x86
		{B7E03CD8-3706-4677-B692-BF2A639CABD7}.Debug|Any CPU.ActiveCfg = Debug|Any CPU
		{B7E03CD8-3706-4677-B692-BF2A639CABD7}.Debug|Any CPU.Build.0 = Debug|Any CPU
		{B7E03CD8-3706-4677-B692-BF2A639CABD7}.Debug|Mixed Platforms.ActiveCfg = Debug|Any CPU
		{B7E03CD8-3706-4677-B692-BF2A639CABD7}.Debug|Mixed Platforms.Build.0 = Debug|Any CPU
		{B7E03CD8-3706-4677-B692-BF2A639CABD7}.Debug|x86.ActiveCfg = Debug|Any CPU
		{B7E03CD8-3706-4677-B692-BF2A639CABD7}.Release|Any CPU.ActiveCfg = Release|Any CPU
		{B7E03CD8-3706-4677-B692-BF2A639CABD7}.Release|Any CPU.Build.0 = Release|Any CPU
		{B7E03CD8-3706-4677-B692-BF2A639CABD7}.Release|Mixed Platforms.ActiveCfg = Release|Any CPU
		{B7E03CD8-3706-4677-B692-BF2A639CABD7}.Release|Mixed Platforms.Build.0 = Release|Any CPU
		{B7E03CD8-3706-4677-B692-BF2A639CABD7}.Release|x86.ActiveCfg = Release|Any CPU
	EndGlobalSection
	GlobalSection(SolutionProperties) = preSolution
		HideSolutionNode = FALSE
	EndGlobalSection
EndGlobal
